<?xml version="1.0" encoding="utf-8"?>
<Project ToolsVersion="4.0" xmlns="http://schemas.microsoft.com/developer/msbuild/2003">
  <ItemGroup>
    <Filter Include="Fichiers sources">
      <UniqueIdentifier>{4FC737F1-C7A5-4376-A066-2A32D752A2FF}</UniqueIdentifier>
      <Extensions>cpp;c;cc;cxx;c++;cppm;ixx;def;odl;idl;hpj;bat;asm;asmx</Extensions>
    </Filter>
    <Filter Include="Fichiers d%27en-tête">
      <UniqueIdentifier>{93995380-89BD-4b04-88EB-625FBE52EBFB}</UniqueIdentifier>
      <Extensions>h;hh;hpp;hxx;h++;hm;inl;inc;ipp;xsd</Extensions>
    </Filter>
    <Filter Include="Fichiers de ressources">
      <UniqueIdentifier>{67DA6AB6-F800-4c08-8B7A-83BB121AAD01}</UniqueIdentifier>
      <Extensions>rc;ico;cur;bmp;dlg;rc2;rct;bin;rgs;gif;jpg;jpeg;jpe;resx;tiff;tif;png;wav;mfcribbon-ms</Extensions>
    </Filter>
    <Filter Include="Fichiers de ressources\audio">
      <UniqueIdentifier>{decd326f-59de-455a-a462-774f7cd1e5b2}</UniqueIdentifier>
    </Filter>
    <Filter Include="Fichiers de ressources\audio\songs">
      <UniqueIdentifier>{57a92542-f499-4b47-925e-26896906ccd5}</UniqueIdentifier>
    </Filter>
    <Filter Include="Fichiers de ressources\game data">
      <UniqueIdentifier>{792cc4d8-9405-4b48-bb26-c296ac97ebb1}</UniqueIdentifier>
    </Filter>
    <Filter Include="Fichiers de ressources\game data\levels">
      <UniqueIdentifier>{da04b480-2e10-48da-85ba-c9d9bd67ba3c}</UniqueIdentifier>
    </Filter>
    <Filter Include="Fichiers d%27en-tête\constants">
      <UniqueIdentifier>{fdb39124-b1e3-4e84-81aa-120ce3021628}</UniqueIdentifier>
    </Filter>
    <Filter Include="Fichiers sources\constants">
      <UniqueIdentifier>{2308a8e2-14d4-4be5-a452-7dff3a6dc076}</UniqueIdentifier>
    </Filter>
    <Filter Include="Fichiers de ressources\audio\effects">
      <UniqueIdentifier>{b215ee3f-8b88-4d86-bd05-c5bb4df517ac}</UniqueIdentifier>
    </Filter>
  </ItemGroup>
  <ItemGroup>
    <ClCompile Include="src\main.cpp">
      <Filter>Fichiers sources</Filter>
    </ClCompile>
    <ClCompile Include="src\InputManager.cpp">
      <Filter>Fichiers sources</Filter>
    </ClCompile>
    <ClCompile Include="src\ViewManager.cpp">
      <Filter>Fichiers sources</Filter>
    </ClCompile>
    <ClCompile Include="src\GameLevel.cpp">
      <Filter>Fichiers sources</Filter>
    </ClCompile>
    <ClCompile Include="src\GameManager.cpp">
      <Filter>Fichiers sources</Filter>
    </ClCompile>
    <ClCompile Include="src\MusicNote.cpp">
      <Filter>Fichiers sources</Filter>
    </ClCompile>
    <ClCompile Include="src\SoundManager.cpp">
      <Filter>Fichiers sources</Filter>
    </ClCompile>
    <ClCompile Include="src\SoundUtils.cpp">
      <Filter>Fichiers sources</Filter>
    </ClCompile>
    <ClCompile Include="src\ConsoleCanvas.cpp">
      <Filter>Fichiers sources</Filter>
    </ClCompile>
    <ClCompile Include="src\constants\FileConstants.cpp">
      <Filter>Fichiers sources\constants</Filter>
    </ClCompile>
    <ClCompile Include="src\constants\InputConstants.cpp">
      <Filter>Fichiers sources\constants</Filter>
    </ClCompile>
    <ClCompile Include="src\constants\ViewConstants.cpp">
      <Filter>Fichiers sources\constants</Filter>
    </ClCompile>
    <ClCompile Include="src\ScoreManager.cpp">
      <Filter>Fichiers sources</Filter>
    </ClCompile>
    <ClCompile Include="src\constants\SettingsConstants.cpp">
      <Filter>Fichiers sources\constants</Filter>
    </ClCompile>
    <ClCompile Include="src\constants\StringConstants.cpp">
      <Filter>Fichiers sources\constants</Filter>
    </ClCompile>
  </ItemGroup>
  <ItemGroup>
    <ClInclude Include="src\GameLevel.h">
      <Filter>Fichiers d%27en-tête</Filter>
    </ClInclude>
    <ClInclude Include="src\GameManager.h">
      <Filter>Fichiers d%27en-tête</Filter>
    </ClInclude>
    <ClInclude Include="src\InputManager.h">
      <Filter>Fichiers d%27en-tête</Filter>
    </ClInclude>
    <ClInclude Include="src\MusicNote.h">
      <Filter>Fichiers d%27en-tête</Filter>
    </ClInclude>
    <ClInclude Include="src\NYTimer.h">
      <Filter>Fichiers d%27en-tête</Filter>
    </ClInclude>
    <ClInclude Include="src\ViewManager.h">
      <Filter>Fichiers d%27en-tête</Filter>
    </ClInclude>
    <ClInclude Include="src\SoundManager.h">
      <Filter>Fichiers d%27en-tête</Filter>
    </ClInclude>
    <ClInclude Include="src\SoundUtils.h">
      <Filter>Fichiers d%27en-tête</Filter>
    </ClInclude>
    <ClInclude Include="src\ConsoleCanvas.h">
      <Filter>Fichiers d%27en-tête</Filter>
    </ClInclude>
    <ClInclude Include="src\constants\FileConstants.h">
      <Filter>Fichiers d%27en-tête\constants</Filter>
    </ClInclude>
    <ClInclude Include="src\constants\ViewConstants.h">
      <Filter>Fichiers d%27en-tête\constants</Filter>
    </ClInclude>
    <ClInclude Include="src\constants\GameConstants.h">
      <Filter>Fichiers d%27en-tête\constants</Filter>
    </ClInclude>
    <ClInclude Include="src\constants\InputConstants.h">
      <Filter>Fichiers d%27en-tête\constants</Filter>
    </ClInclude>
    <ClInclude Include="src\ScoreManager.h">
      <Filter>Fichiers d%27en-tête</Filter>
    </ClInclude>
    <ClInclude Include="src\constants\SettingsConstants.h">
      <Filter>Fichiers d%27en-tête\constants</Filter>
    </ClInclude>
    <ClInclude Include="src\constants\StringConstants.h">
      <Filter>Fichiers d%27en-tête\constants</Filter>
    </ClInclude>
  </ItemGroup>
  <ItemGroup>
    <Text Include="resources\game_data\songs\mii_channel.txt">
      <Filter>Fichiers de ressources\game data\levels</Filter>
    </Text>
    <Text Include="resources\game_data\songs_list.txt">
      <Filter>Fichiers de ressources\game data</Filter>
    </Text>
    <Text Include="resources\game_data\songs\ghost_duet.txt">
      <Filter>Fichiers de ressources\game data\levels</Filter>
    </Text>
  </ItemGroup>
  <ItemGroup>
    <Media Include="resources\audio\songs\mii_channel.wav">
      <Filter>Fichiers de ressources\audio\songs</Filter>
    </Media>
    <Media Include="resources\audio\songs\ghost_duet.wav">
      <Filter>Fichiers de ressources\audio\songs</Filter>
    </Media>
    <Media Include="resources\audio\effects\menu_confirm.wav">
      <Filter>Fichiers de ressources\audio\effects</Filter>
    </Media>
    <Media Include="resources\audio\effects\menu_navigate.wav">
      <Filter>Fichiers de ressources\audio\effects</Filter>
    </Media>
    <Media Include="resources\audio\effects\combo_break.wav">
      <Filter>Fichiers de ressources\audio\effects</Filter>
    </Media>
    <Media Include="resources\audio\effects\menu_back.wav">
      <Filter>Fichiers de ressources\audio\effects</Filter>
    </Media>
  </ItemGroup>
</Project>